// !$*UTF8*$!
{
	archiveVersion = 1;
	classes = {
	};
	objectVersion = 55;
	objects = {

/* Begin PBXBuildFile section */
		B2438CC02816CC4700359260 /* Realm in Frameworks */ = {isa = PBXBuildFile; productRef = B2438CBF2816CC4700359260 /* Realm */; };
		B2438CC22816CC4700359260 /* RealmSwift in Frameworks */ = {isa = PBXBuildFile; productRef = B2438CC12816CC4700359260 /* RealmSwift */; };
		B2FDE2902815645A0083A449 /* TodoApp.swift in Sources */ = {isa = PBXBuildFile; fileRef = B2FDE28F2815645A0083A449 /* TodoApp.swift */; };
		B2FDE2922815645A0083A449 /* ContentView.swift in Sources */ = {isa = PBXBuildFile; fileRef = B2FDE2912815645A0083A449 /* ContentView.swift */; };
		B2FDE2942815645F0083A449 /* Assets.xcassets in Resources */ = {isa = PBXBuildFile; fileRef = B2FDE2932815645F0083A449 /* Assets.xcassets */; };
		B2FDE2972815645F0083A449 /* Preview Assets.xcassets in Resources */ = {isa = PBXBuildFile; fileRef = B2FDE2962815645F0083A449 /* Preview Assets.xcassets */; };
		B2FDE29F2815652E0083A449 /* TaskView.swift in Sources */ = {isa = PBXBuildFile; fileRef = B2FDE29E2815652E0083A449 /* TaskView.swift */; };
		B2FDE2A1281567050083A449 /* TaskList.swift in Sources */ = {isa = PBXBuildFile; fileRef = B2FDE2A0281567050083A449 /* TaskList.swift */; };
		B2FDE2A328156A2D0083A449 /* AddTaskView.swift in Sources */ = {isa = PBXBuildFile; fileRef = B2FDE2A228156A2D0083A449 /* AddTaskView.swift */; };
		B2FDE2A628156A980083A449 /* Title.swift in Sources */ = {isa = PBXBuildFile; fileRef = B2FDE2A528156A980083A449 /* Title.swift */; };
		B2FDE2A828156CBB0083A449 /* AddButton.swift in Sources */ = {isa = PBXBuildFile; fileRef = B2FDE2A728156CBB0083A449 /* AddButton.swift */; };
		B2FDE2AB281572FD0083A449 /* Realm in Frameworks */ = {isa = PBXBuildFile; productRef = B2FDE2AA281572FD0083A449 /* Realm */; };
		B2FDE2AD281572FD0083A449 /* RealmSwift in Frameworks */ = {isa = PBXBuildFile; productRef = B2FDE2AC281572FD0083A449 /* RealmSwift */; };
		B2FDE2B0281579C00083A449 /* Task.swift in Sources */ = {isa = PBXBuildFile; fileRef = B2FDE2AF281579C00083A449 /* Task.swift */; };
/* End PBXBuildFile section */

/* Begin PBXFileReference section */
		B2FDE28C2815645A0083A449 /* Todo.app */ = {isa = PBXFileReference; explicitFileType = wrapper.application; includeInIndex = 0; path = Todo.app; sourceTree = BUILT_PRODUCTS_DIR; };
		B2FDE28F2815645A0083A449 /* TodoApp.swift */ = {isa = PBXFileReference; lastKnownFileType = sourcecode.swift; path = TodoApp.swift; sourceTree = "<group>"; };
		B2FDE2912815645A0083A449 /* ContentView.swift */ = {isa = PBXFileReference; lastKnownFileType = sourcecode.swift; path = ContentView.swift; sourceTree = "<group>"; };
		B2FDE2932815645F0083A449 /* Assets.xcassets */ = {isa = PBXFileReference; lastKnownFileType = folder.assetcatalog; path = Assets.xcassets; sourceTree = "<group>"; };
		B2FDE2962815645F0083A449 /* Preview Assets.xcassets */ = {isa = PBXFileReference; lastKnownFileType = folder.assetcatalog; path = "Preview Assets.xcassets"; sourceTree = "<group>"; };
		B2FDE29E2815652E0083A449 /* TaskView.swift */ = {isa = PBXFileReference; lastKnownFileType = sourcecode.swift; path = TaskView.swift; sourceTree = "<group>"; };
		B2FDE2A0281567050083A449 /* TaskList.swift */ = {isa = PBXFileReference; lastKnownFileType = sourcecode.swift; path = TaskList.swift; sourceTree = "<group>"; };
		B2FDE2A228156A2D0083A449 /* AddTaskView.swift */ = {isa = PBXFileReference; lastKnownFileType = sourcecode.swift; path = AddTaskView.swift; sourceTree = "<group>"; };
		B2FDE2A528156A980083A449 /* Title.swift */ = {isa = PBXFileReference; lastKnownFileType = sourcecode.swift; path = Title.swift; sourceTree = "<group>"; };
		B2FDE2A728156CBB0083A449 /* AddButton.swift */ = {isa = PBXFileReference; lastKnownFileType = sourcecode.swift; path = AddButton.swift; sourceTree = "<group>"; };
		B2FDE2AF281579C00083A449 /* Task.swift */ = {isa = PBXFileReference; lastKnownFileType = sourcecode.swift; path = Task.swift; sourceTree = "<group>"; };
/* End PBXFileReference section */

/* Begin PBXFrameworksBuildPhase section */
		B2FDE2892815645A0083A449 /* Frameworks */ = {
			isa = PBXFrameworksBuildPhase;
			buildActionMask = 2147483647;
			files = (
				B2438CC22816CC4700359260 /* RealmSwift in Frameworks */,
				B2438CC02816CC4700359260 /* Realm in Frameworks */,
				B2FDE2AD281572FD0083A449 /* RealmSwift in Frameworks */,
				B2FDE2AB281572FD0083A449 /* Realm in Frameworks */,
			);
			runOnlyForDeploymentPostprocessing = 0;
		};
/* End PBXFrameworksBuildPhase section */

/* Begin PBXGroup section */
		B2FDE2832815645A0083A449 = {
			isa = PBXGroup;
			children = (
				B2FDE28E2815645A0083A449 /* Todo */,
				B2FDE28D2815645A0083A449 /* Products */,
			);
			sourceTree = "<group>";
		};
		B2FDE28D2815645A0083A449 /* Products */ = {
			isa = PBXGroup;
			children = (
				B2FDE28C2815645A0083A449 /* Todo.app */,
			);
			name = Products;
			sourceTree = "<group>";
		};
		B2FDE28E2815645A0083A449 /* Todo */ = {
			isa = PBXGroup;
			children = (
				B2FDE28F2815645A0083A449 /* TodoApp.swift */,
				B2FDE2AE281579B10083A449 /* Model */,
				B2FDE29D281565180083A449 /* Views */,
				B2FDE2932815645F0083A449 /* Assets.xcassets */,
				B2FDE2952815645F0083A449 /* Preview Content */,
			);
			path = Todo;
			sourceTree = "<group>";
		};
		B2FDE2952815645F0083A449 /* Preview Content */ = {
			isa = PBXGroup;
			children = (
				B2FDE2962815645F0083A449 /* Preview Assets.xcassets */,
			);
			path = "Preview Content";
			sourceTree = "<group>";
		};
		B2FDE29D281565180083A449 /* Views */ = {
			isa = PBXGroup;
			children = (
				B2FDE2A428156A890083A449 /* Helpers */,
				B2FDE2912815645A0083A449 /* ContentView.swift */,
				B2FDE29E2815652E0083A449 /* TaskView.swift */,
				B2FDE2A228156A2D0083A449 /* AddTaskView.swift */,
				B2FDE2A0281567050083A449 /* TaskList.swift */,
				B2FDE2A728156CBB0083A449 /* AddButton.swift */,
			);
			path = Views;
			sourceTree = "<group>";
		};
		B2FDE2A428156A890083A449 /* Helpers */ = {
			isa = PBXGroup;
			children = (
				B2FDE2A528156A980083A449 /* Title.swift */,
			);
			path = Helpers;
			sourceTree = "<group>";
		};
		B2FDE2AE281579B10083A449 /* Model */ = {
			isa = PBXGroup;
			children = (
				B2FDE2AF281579C00083A449 /* Task.swift */,
			);
			path = Model;
			sourceTree = "<group>";
		};
/* End PBXGroup section */

/* Begin PBXNativeTarget section */
		B2FDE28B2815645A0083A449 /* Todo */ = {
			isa = PBXNativeTarget;
			buildConfigurationList = B2FDE29A2815645F0083A449 /* Build configuration list for PBXNativeTarget "Todo" */;
			buildPhases = (
				B2FDE2882815645A0083A449 /* Sources */,
				B2FDE2892815645A0083A449 /* Frameworks */,
				B2FDE28A2815645A0083A449 /* Resources */,
			);
			buildRules = (
			);
			dependencies = (
			);
			name = Todo;
			packageProductDependencies = (
				B2FDE2AA281572FD0083A449 /* Realm */,
				B2FDE2AC281572FD0083A449 /* RealmSwift */,
				B2438CBF2816CC4700359260 /* Realm */,
				B2438CC12816CC4700359260 /* RealmSwift */,
			);
			productName = Todo;
			productReference = B2FDE28C2815645A0083A449 /* Todo.app */;
			productType = "com.apple.product-type.application";
		};
/* End PBXNativeTarget section */

/* Begin PBXProject section */
		B2FDE2842815645A0083A449 /* Project object */ = {
			isa = PBXProject;
			attributes = {
				BuildIndependentTargetsInParallel = 1;
				LastSwiftUpdateCheck = 1330;
				LastUpgradeCheck = 1330;
				TargetAttributes = {
					B2FDE28B2815645A0083A449 = {
						CreatedOnToolsVersion = 13.3.1;
					};
				};
			};
			buildConfigurationList = B2FDE2872815645A0083A449 /* Build configuration list for PBXProject "Todo" */;
			compatibilityVersion = "Xcode 13.0";
			developmentRegion = en;
			hasScannedForEncodings = 0;
			knownRegions = (
				en,
				Base,
			);
			mainGroup = B2FDE2832815645A0083A449;
			packageReferences = (
				B2FDE2A9281572FD0083A449 /* XCRemoteSwiftPackageReference "realm-swift" */,
				B2438CBE2816CC4700359260 /* XCRemoteSwiftPackageReference "realm-swift" */,
			);
			productRefGroup = B2FDE28D2815645A0083A449 /* Products */;
			projectDirPath = "";
			projectRoot = "";
			targets = (
				B2FDE28B2815645A0083A449 /* Todo */,
			);
		};
/* End PBXProject section */

/* Begin PBXResourcesBuildPhase section */
		B2FDE28A2815645A0083A449 /* Resources */ = {
			isa = PBXResourcesBuildPhase;
			buildActionMask = 2147483647;
			files = (
				B2FDE2972815645F0083A449 /* Preview Assets.xcassets in Resources */,
				B2FDE2942815645F0083A449 /* Assets.xcassets in Resources */,
			);
			runOnlyForDeploymentPostprocessing = 0;
		};
/* End PBXResourcesBuildPhase section */

/* Begin PBXSourcesBuildPhase section */
		B2FDE2882815645A0083A449 /* Sources */ = {
			isa = PBXSourcesBuildPhase;
			buildActionMask = 2147483647;
			files = (
				B2FDE2B0281579C00083A449 /* Task.swift in Sources */,
				B2FDE2A1281567050083A449 /* TaskList.swift in Sources */,
				B2FDE2A828156CBB0083A449 /* AddButton.swift in Sources */,
				B2FDE2A328156A2D0083A449 /* AddTaskView.swift in Sources */,
				B2FDE29F2815652E0083A449 /* TaskView.swift in Sources */,
				B2FDE2922815645A0083A449 /* ContentView.swift in Sources */,
				B2FDE2A628156A980083A449 /* Title.swift in Sources */,
				B2FDE2902815645A0083A449 /* TodoApp.swift in Sources */,
			);
			runOnlyForDeploymentPostprocessing = 0;
		};
/* End PBXSourcesBuildPhase section */

/* Begin XCBuildConfiguration section */
		B2FDE2982815645F0083A449 /* Debug */ = {
			isa = XCBuildConfiguration;
			buildSettings = {
				ALWAYS_SEARCH_USER_PATHS = NO;
				CLANG_ANALYZER_NONNULL = YES;
				CLANG_ANALYZER_NUMBER_OBJECT_CONVERSION = YES_AGGRESSIVE;
				CLANG_CXX_LANGUAGE_STANDARD = "gnu++17";
				CLANG_ENABLE_MODULES = YES;
				CLANG_ENABLE_OBJC_ARC = YES;
				CLANG_ENABLE_OBJC_WEAK = YES;
				CLANG_WARN_BLOCK_CAPTURE_AUTORELEASING = YES;
				CLANG_WARN_BOOL_CONVERSION = YES;
				CLANG_WARN_COMMA = YES;
				CLANG_WARN_CONSTANT_CONVERSION = YES;
				CLANG_WARN_DEPRECATED_OBJC_IMPLEMENTATIONS = YES;
				CLANG_WARN_DIRECT_OBJC_ISA_USAGE = YES_ERROR;
				CLANG_WARN_DOCUMENTATION_COMMENTS = YES;
				CLANG_WARN_EMPTY_BODY = YES;
				CLANG_WARN_ENUM_CONVERSION = YES;
				CLANG_WARN_INFINITE_RECURSION = YES;
				CLANG_WARN_INT_CONVERSION = YES;
				CLANG_WARN_NON_LITERAL_NULL_CONVERSION = YES;
				CLANG_WARN_OBJC_IMPLICIT_RETAIN_SELF = YES;
				CLANG_WARN_OBJC_LITERAL_CONVERSION = YES;
				CLANG_WARN_OBJC_ROOT_CLASS = YES_ERROR;
				CLANG_WARN_QUOTED_INCLUDE_IN_FRAMEWORK_HEADER = YES;
				CLANG_WARN_RANGE_LOOP_ANALYSIS = YES;
				CLANG_WARN_STRICT_PROTOTYPES = YES;
				CLANG_WARN_SUSPICIOUS_MOVE = YES;
				CLANG_WARN_UNGUARDED_AVAILABILITY = YES_AGGRESSIVE;
				CLANG_WARN_UNREACHABLE_CODE = YES;
				CLANG_WARN__DUPLICATE_METHOD_MATCH = YES;
				COPY_PHASE_STRIP = NO;
				DEBUG_INFORMATION_FORMAT = dwarf;
				ENABLE_STRICT_OBJC_MSGSEND = YES;
				ENABLE_TESTABILITY = YES;
				GCC_C_LANGUAGE_STANDARD = gnu11;
				GCC_DYNAMIC_NO_PIC = NO;
				GCC_NO_COMMON_BLOCKS = YES;
				GCC_OPTIMIZATION_LEVEL = 0;
				GCC_PREPROCESSOR_DEFINITIONS = (
					"DEBUG=1",
					"$(inherited)",
				);
				GCC_WARN_64_TO_32_BIT_CONVERSION = YES;
				GCC_WARN_ABOUT_RETURN_TYPE = YES_ERROR;
				GCC_WARN_UNDECLARED_SELECTOR = YES;
				GCC_WARN_UNINITIALIZED_AUTOS = YES_AGGRESSIVE;
				GCC_WARN_UNUSED_FUNCTION = YES;
				GCC_WARN_UNUSED_VARIABLE = YES;
				IPHONEOS_DEPLOYMENT_TARGET = 15.4;
				MTL_ENABLE_DEBUG_INFO = INCLUDE_SOURCE;
				MTL_FAST_MATH = YES;
				ONLY_ACTIVE_ARCH = YES;
				SDKROOT = iphoneos;
				SWIFT_ACTIVE_COMPILATION_CONDITIONS = DEBUG;
				SWIFT_OPTIMIZATION_LEVEL = "-Onone";
			};
			name = Debug;
		};
		B2FDE2992815645F0083A449 /* Release */ = {
			isa = XCBuildConfiguration;
			buildSettings = {
				ALWAYS_SEARCH_USER_PATHS = NO;
				CLANG_ANALYZER_NONNULL = YES;
				CLANG_ANALYZER_NUMBER_OBJECT_CONVERSION = YES_AGGRESSIVE;
				CLANG_CXX_LANGUAGE_STANDARD = "gnu++17";
				CLANG_ENABLE_MODULES = YES;
				CLANG_ENABLE_OBJC_ARC = YES;
				CLANG_ENABLE_OBJC_WEAK = YES;
				CLANG_WARN_BLOCK_CAPTURE_AUTORELEASING = YES;
				CLANG_WARN_BOOL_CONVERSION = YES;
				CLANG_WARN_COMMA = YES;
				CLANG_WARN_CONSTANT_CONVERSION = YES;
				CLANG_WARN_DEPRECATED_OBJC_IMPLEMENTATIONS = YES;
				CLANG_WARN_DIRECT_OBJC_ISA_USAGE = YES_ERROR;
				CLANG_WARN_DOCUMENTATION_COMMENTS = YES;
				CLANG_WARN_EMPTY_BODY = YES;
				CLANG_WARN_ENUM_CONVERSION = YES;
				CLANG_WARN_INFINITE_RECURSION = YES;
				CLANG_WARN_INT_CONVERSION = YES;
				CLANG_WARN_NON_LITERAL_NULL_CONVERSION = YES;
				CLANG_WARN_OBJC_IMPLICIT_RETAIN_SELF = YES;
				CLANG_WARN_OBJC_LITERAL_CONVERSION = YES;
				CLANG_WARN_OBJC_ROOT_CLASS = YES_ERROR;
				CLANG_WARN_QUOTED_INCLUDE_IN_FRAMEWORK_HEADER = YES;
				CLANG_WARN_RANGE_LOOP_ANALYSIS = YES;
				CLANG_WARN_STRICT_PROTOTYPES = YES;
				CLANG_WARN_SUSPICIOUS_MOVE = YES;
				CLANG_WARN_UNGUARDED_AVAILABILITY = YES_AGGRESSIVE;
				CLANG_WARN_UNREACHABLE_CODE = YES;
				CLANG_WARN__DUPLICATE_METHOD_MATCH = YES;
				COPY_PHASE_STRIP = NO;
				DEBUG_INFORMATION_FORMAT = "dwarf-with-dsym";
				ENABLE_NS_ASSERTIONS = NO;
				ENABLE_STRICT_OBJC_MSGSEND = YES;
				GCC_C_LANGUAGE_STANDARD = gnu11;
				GCC_NO_COMMON_BLOCKS = YES;
				GCC_WARN_64_TO_32_BIT_CONVERSION = YES;
				GCC_WARN_ABOUT_RETURN_TYPE = YES_ERROR;
				GCC_WARN_UNDECLARED_SELECTOR = YES;
				GCC_WARN_UNINITIALIZED_AUTOS = YES_AGGRESSIVE;
				GCC_WARN_UNUSED_FUNCTION = YES;
				GCC_WARN_UNUSED_VARIABLE = YES;
				IPHONEOS_DEPLOYMENT_TARGET = 15.4;
				MTL_ENABLE_DEBUG_INFO = NO;
				MTL_FAST_MATH = YES;
				SDKROOT = iphoneos;
				SWIFT_COMPILATION_MODE = wholemodule;
				SWIFT_OPTIMIZATION_LEVEL = "-O";
				VALIDATE_PRODUCT = YES;
			};
			name = Release;
		};
		B2FDE29B2815645F0083A449 /* Debug */ = {
			isa = XCBuildConfiguration;
			buildSettings = {
				ASSETCATALOG_COMPILER_APPICON_NAME = AppIcon;
				ASSETCATALOG_COMPILER_GLOBAL_ACCENT_COLOR_NAME = AccentColor;
				CODE_SIGN_STYLE = Automatic;
				CURRENT_PROJECT_VERSION = 1;
				DEVELOPMENT_ASSET_PATHS = "\"Todo/Preview Content\"";
				DEVELOPMENT_TEAM = 394Y786645;
				ENABLE_PREVIEWS = YES;
				GENERATE_INFOPLIST_FILE = YES;
				INFOPLIST_KEY_UIApplicationSceneManifest_Generation = YES;
				INFOPLIST_KEY_UIApplicationSupportsIndirectInputEvents = YES;
				INFOPLIST_KEY_UILaunchScreen_Generation = YES;
				INFOPLIST_KEY_UISupportedInterfaceOrientations_iPad = "UIInterfaceOrientationPortrait UIInterfaceOrientationPortraitUpsideDown UIInterfaceOrientationLandscapeLeft UIInterfaceOrientationLandscapeRight";
				INFOPLIST_KEY_UISupportedInterfaceOrientations_iPhone = "UIInterfaceOrientationPortrait UIInterfaceOrientationLandscapeLeft UIInterfaceOrientationLandscapeRight";
				LD_RUNPATH_SEARCH_PATHS = (
					"$(inherited)",
					"@executable_path/Frameworks",
				);
				MARKETING_VERSION = 1.0;
				PRODUCT_BUNDLE_IDENTIFIER = com.yap.fengyuan.Todo;
				PRODUCT_NAME = "$(TARGET_NAME)";
				SWIFT_EMIT_LOC_STRINGS = YES;
				SWIFT_VERSION = 5.0;
				TARGETED_DEVICE_FAMILY = "1,2";
			};
			name = Debug;
		};
		B2FDE29C2815645F0083A449 /* Release */ = {
			isa = XCBuildConfiguration;
			buildSettings = {
				ASSETCATALOG_COMPILER_APPICON_NAME = AppIcon;
				ASSETCATALOG_COMPILER_GLOBAL_ACCENT_COLOR_NAME = AccentColor;
				CODE_SIGN_STYLE = Automatic;
				CURRENT_PROJECT_VERSION = 1;
				DEVELOPMENT_ASSET_PATHS = "\"Todo/Preview Content\"";
				DEVELOPMENT_TEAM = 394Y786645;
				ENABLE_PREVIEWS = YES;
				GENERATE_INFOPLIST_FILE = YES;
				INFOPLIST_KEY_UIApplicationSceneManifest_Generation = YES;
				INFOPLIST_KEY_UIApplicationSupportsIndirectInputEvents = YES;
				INFOPLIST_KEY_UILaunchScreen_Generation = YES;
				INFOPLIST_KEY_UISupportedInterfaceOrientations_iPad = "UIInterfaceOrientationPortrait UIInterfaceOrientationPortraitUpsideDown UIInterfaceOrientationLandscapeLeft UIInterfaceOrientationLandscapeRight";
				INFOPLIST_KEY_UISupportedInterfaceOrientations_iPhone = "UIInterfaceOrientationPortrait UIInterfaceOrientationLandscapeLeft UIInterfaceOrientationLandscapeRight";
				LD_RUNPATH_SEARCH_PATHS = (
					"$(inherited)",
					"@executable_path/Frameworks",
				);
				MARKETING_VERSION = 1.0;
				PRODUCT_BUNDLE_IDENTIFIER = com.yap.fengyuan.Todo;
				PRODUCT_NAME = "$(TARGET_NAME)";
				SWIFT_EMIT_LOC_STRINGS = YES;
				SWIFT_VERSION = 5.0;
				TARGETED_DEVICE_FAMILY = "1,2";
			};
			name = Release;
		};
/* End XCBuildConfiguration section */

/* Begin XCConfigurationList section */
		B2FDE2872815645A0083A449 /* Build configuration list for PBXProject "Todo" */ = {
			isa = XCConfigurationList;
			buildConfigurations = (
				B2FDE2982815645F0083A449 /* Debug */,
				B2FDE2992815645F0083A449 /* Release */,
			);
			defaultConfigurationIsVisible = 0;
			defaultConfigurationName = Release;
		};
		B2FDE29A2815645F0083A449 /* Build configuration list for PBXNativeTarget "Todo" */ = {
			isa = XCConfigurationList;
			buildConfigurations = (
				B2FDE29B2815645F0083A449 /* Debug */,
				B2FDE29C2815645F0083A449 /* Release */,
			);
			defaultConfigurationIsVisible = 0;
			defaultConfigurationName = Release;
		};
/* End XCConfigurationList section */

/* Begin XCRemoteSwiftPackageReference section */
		B2438CBE2816CC4700359260 /* XCRemoteSwiftPackageReference "realm-swift" */ = {
			isa = XCRemoteSwiftPackageReference;
			repositoryURL = "https://github.com/realm/realm-swift";
			requirement = {
				branch = master;
				kind = branch;
			};
		};
		B2FDE2A9281572FD0083A449 /* XCRemoteSwiftPackageReference "realm-swift" */ = {
			isa = XCRemoteSwiftPackageReference;
			repositoryURL = "https://github.com/realm/realm-swift";
			requirement = {
				branch = master;
				kind = branch;
			};
		};
/* End XCRemoteSwiftPackageReference section */

/* Begin XCSwiftPackageProductDependency section */
		B2438CBF2816CC4700359260 /* Realm */ = {
			isa = XCSwiftPackageProductDependency;
			package = B2FDE2A9281572FD0083A449 /* XCRemoteSwiftPackageReference "realm-swift" */;
			productName = Realm;
		};
		B2438CC12816CC4700359260 /* RealmSwift */ = {
			isa = XCSwiftPackageProductDependency;
			package = B2FDE2A9281572FD0083A449 /* XCRemoteSwiftPackageReference "realm-swift" */;
			productName = RealmSwift;
		};
		B2FDE2AA281572FD0083A449 /* Realm */ = {
			isa = XCSwiftPackageProductDependency;
			package = B2FDE2A9281572FD0083A449 /* XCRemoteSwiftPackageReference "realm-swift" */;
			productName = Realm;
		};
		B2FDE2AC281572FD0083A449 /* RealmSwift */ = {
			isa = XCSwiftPackageProductDependency;
			package = B2FDE2A9281572FD0083A449 /* XCRemoteSwiftPackageReference "realm-swift" */;
			productName = RealmSwift;
		};
/* End XCSwiftPackageProductDependency section */
	};
	rootObject = B2FDE2842815645A0083A449 /* Project object */;
}
